// !$*UTF8*$!
{
	archiveVersion = 1;
	classes = {
	};
	objectVersion = 46;
	objects = {

/* Begin PBXBuildFile section */
		DA46F6D8174CE40200E614EF /* UIKit.framework in Frameworks */ = {isa = PBXBuildFile; fileRef = DA46F6D7174CE40200E614EF /* UIKit.framework */; };
		DA46F6DA174CE40200E614EF /* Foundation.framework in Frameworks */ = {isa = PBXBuildFile; fileRef = DA46F6D9174CE40200E614EF /* Foundation.framework */; };
		DA46F6DC174CE40200E614EF /* CoreGraphics.framework in Frameworks */ = {isa = PBXBuildFile; fileRef = DA46F6DB174CE40200E614EF /* CoreGraphics.framework */; };
		DA46F6E2174CE40200E614EF /* InfoPlist.strings in Resources */ = {isa = PBXBuildFile; fileRef = DA46F6E0174CE40200E614EF /* InfoPlist.strings */; };
		DA46F6E4174CE40200E614EF /* main.m in Sources */ = {isa = PBXBuildFile; fileRef = DA46F6E3174CE40200E614EF /* main.m */; };
		DA46F6E8174CE40200E614EF /* mkAppDelegate.m in Sources */ = {isa = PBXBuildFile; fileRef = DA46F6E7174CE40200E614EF /* mkAppDelegate.m */; };
		DA46F6EA174CE40200E614EF /* Default.png in Resources */ = {isa = PBXBuildFile; fileRef = DA46F6E9174CE40200E614EF /* Default.png */; };
		DA46F6EC174CE40200E614EF /* Default@2x.png in Resources */ = {isa = PBXBuildFile; fileRef = DA46F6EB174CE40200E614EF /* Default@2x.png */; };
		DA46F6EE174CE40200E614EF /* Default-568h@2x.png in Resources */ = {isa = PBXBuildFile; fileRef = DA46F6ED174CE40200E614EF /* Default-568h@2x.png */; };
		DA46F6F1174CE40200E614EF /* mkViewController.m in Sources */ = {isa = PBXBuildFile; fileRef = DA46F6F0174CE40200E614EF /* mkViewController.m */; };
		DA46F6F4174CE40200E614EF /* mkViewController.xib in Resources */ = {isa = PBXBuildFile; fileRef = DA46F6F2174CE40200E614EF /* mkViewController.xib */; };
/* End PBXBuildFile section */

/* Begin PBXFileReference section */
		DA46F6D4174CE40200E614EF /* helloWorld_04.app */ = {isa = PBXFileReference; explicitFileType = wrapper.application; includeInIndex = 0; path = helloWorld_04.app; sourceTree = BUILT_PRODUCTS_DIR; };
		DA46F6D7174CE40200E614EF /* UIKit.framework */ = {isa = PBXFileReference; lastKnownFileType = wrapper.framework; name = UIKit.framework; path = System/Library/Frameworks/UIKit.framework; sourceTree = SDKROOT; };
		DA46F6D9174CE40200E614EF /* Foundation.framework */ = {isa = PBXFileReference; lastKnownFileType = wrapper.framework; name = Foundation.framework; path = System/Library/Frameworks/Foundation.framework; sourceTree = SDKROOT; };
		DA46F6DB174CE40200E614EF /* CoreGraphics.framework */ = {isa = PBXFileReference; lastKnownFileType = wrapper.framework; name = CoreGraphics.framework; path = System/Library/Frameworks/CoreGraphics.framework; sourceTree = SDKROOT; };
		DA46F6DF174CE40200E614EF /* helloWorld_04-Info.plist */ = {isa = PBXFileReference; lastKnownFileType = text.plist.xml; path = "helloWorld_04-Info.plist"; sourceTree = "<group>"; };
		DA46F6E1174CE40200E614EF /* en */ = {isa = PBXFileReference; lastKnownFileType = text.plist.strings; name = en; path = en.lproj/InfoPlist.strings; sourceTree = "<group>"; };
		DA46F6E3174CE40200E614EF /* main.m */ = {isa = PBXFileReference; lastKnownFileType = sourcecode.c.objc; path = main.m; sourceTree = "<group>"; };
		DA46F6E5174CE40200E614EF /* helloWorld_04-Prefix.pch */ = {isa = PBXFileReference; lastKnownFileType = sourcecode.c.h; path = "helloWorld_04-Prefix.pch"; sourceTree = "<group>"; };
		DA46F6E6174CE40200E614EF /* mkAppDelegate.h */ = {isa = PBXFileReference; lastKnownFileType = sourcecode.c.h; path = mkAppDelegate.h; sourceTree = "<group>"; };
		DA46F6E7174CE40200E614EF /* mkAppDelegate.m */ = {isa = PBXFileReference; lastKnownFileType = sourcecode.c.objc; path = mkAppDelegate.m; sourceTree = "<group>"; };
		DA46F6E9174CE40200E614EF /* Default.png */ = {isa = PBXFileReference; lastKnownFileType = image.png; path = Default.png; sourceTree = "<group>"; };
		DA46F6EB174CE40200E614EF /* Default@2x.png */ = {isa = PBXFileReference; lastKnownFileType = image.png; path = "Default@2x.png"; sourceTree = "<group>"; };
		DA46F6ED174CE40200E614EF /* Default-568h@2x.png */ = {isa = PBXFileReference; lastKnownFileType = image.png; path = "Default-568h@2x.png"; sourceTree = "<group>"; };
		DA46F6EF174CE40200E614EF /* mkViewController.h */ = {isa = PBXFileReference; lastKnownFileType = sourcecode.c.h; path = mkViewController.h; sourceTree = "<group>"; };
		DA46F6F0174CE40200E614EF /* mkViewController.m */ = {isa = PBXFileReference; lastKnownFileType = sourcecode.c.objc; path = mkViewController.m; sourceTree = "<group>"; };
		DA46F6F3174CE40200E614EF /* en */ = {isa = PBXFileReference; lastKnownFileType = file.xib; name = en; path = en.lproj/mkViewController.xib; sourceTree = "<group>"; };
/* End PBXFileReference section */

/* Begin PBXFrameworksBuildPhase section */
		DA46F6D1174CE40200E614EF /* Frameworks */ = {
			isa = PBXFrameworksBuildPhase;
			buildActionMask = 2147483647;
			files = (
				DA46F6D8174CE40200E614EF /* UIKit.framework in Frameworks */,
				DA46F6DA174CE40200E614EF /* Foundation.framework in Frameworks */,
				DA46F6DC174CE40200E614EF /* CoreGraphics.framework in Frameworks */,
			);
			runOnlyForDeploymentPostprocessing = 0;
		};
/* End PBXFrameworksBuildPhase section */

/* Begin PBXGroup section */
		DA46F6CB174CE40100E614EF = {
			isa = PBXGroup;
			children = (
				DA46F6DD174CE40200E614EF /* helloWorld_04 */,
				DA46F6D6174CE40200E614EF /* Frameworks */,
				DA46F6D5174CE40200E614EF /* Products */,
			);
			sourceTree = "<group>";
		};
		DA46F6D5174CE40200E614EF /* Products */ = {
			isa = PBXGroup;
			children = (
				DA46F6D4174CE40200E614EF /* helloWorld_04.app */,
			);
			name = Products;
			sourceTree = "<group>";
		};
		DA46F6D6174CE40200E614EF /* Frameworks */ = {
			isa = PBXGroup;
			children = (
				DA46F6D7174CE40200E614EF /* UIKit.framework */,
				DA46F6D9174CE40200E614EF /* Foundation.framework */,
				DA46F6DB174CE40200E614EF /* CoreGraphics.framework */,
			);
			name = Frameworks;
			sourceTree = "<group>";
		};
		DA46F6DD174CE40200E614EF /* helloWorld_04 */ = {
			isa = PBXGroup;
			children = (
				DA46F6E6174CE40200E614EF /* mkAppDelegate.h */,
				DA46F6E7174CE40200E614EF /* mkAppDelegate.m */,
				DA46F6EF174CE40200E614EF /* mkViewController.h */,
				DA46F6F0174CE40200E614EF /* mkViewController.m */,
				DA46F6F2174CE40200E614EF /* mkViewController.xib */,
				DA46F6DE174CE40200E614EF /* Supporting Files */,
			);
			path = helloWorld_04;
			sourceTree = "<group>";
		};
		DA46F6DE174CE40200E614EF /* Supporting Files */ = {
			isa = PBXGroup;
			children = (
				DA46F6DF174CE40200E614EF /* helloWorld_04-Info.plist */,
				DA46F6E0174CE40200E614EF /* InfoPlist.strings */,
				DA46F6E3174CE40200E614EF /* main.m */,
				DA46F6E5174CE40200E614EF /* helloWorld_04-Prefix.pch */,
				DA46F6E9174CE40200E614EF /* Default.png */,
				DA46F6EB174CE40200E614EF /* Default@2x.png */,
				DA46F6ED174CE40200E614EF /* Default-568h@2x.png */,
			);
			name = "Supporting Files";
			sourceTree = "<group>";
		};
/* End PBXGroup section */

/* Begin PBXNativeTarget section */
		DA46F6D3174CE40200E614EF /* helloWorld_04 */ = {
			isa = PBXNativeTarget;
			buildConfigurationList = DA46F6F7174CE40200E614EF /* Build configuration list for PBXNativeTarget "helloWorld_04" */;
			buildPhases = (
				DA46F6D0174CE40200E614EF /* Sources */,
				DA46F6D1174CE40200E614EF /* Frameworks */,
				DA46F6D2174CE40200E614EF /* Resources */,
			);
			buildRules = (
			);
			dependencies = (
			);
			name = helloWorld_04;
			productName = helloWorld_04;
			productReference = DA46F6D4174CE40200E614EF /* helloWorld_04.app */;
			productType = "com.apple.product-type.application";
		};
/* End PBXNativeTarget section */

/* Begin PBXProject section */
		DA46F6CC174CE40100E614EF /* Project object */ = {
			isa = PBXProject;
			attributes = {
				CLASSPREFIX = mk;
				LastUpgradeCheck = 0460;
				ORGANIZATIONNAME = "Paul Mackintosh";
			};
			buildConfigurationList = DA46F6CF174CE40100E614EF /* Build configuration list for PBXProject "helloWorld_04" */;
			compatibilityVersion = "Xcode 3.2";
			developmentRegion = English;
			hasScannedForEncodings = 0;
			knownRegions = (
				en,
			);
			mainGroup = DA46F6CB174CE40100E614EF;
			productRefGroup = DA46F6D5174CE40200E614EF /* Products */;
			projectDirPath = "";
			projectRoot = "";
			targets = (
				DA46F6D3174CE40200E614EF /* helloWorld_04 */,
			);
		};
/* End PBXProject section */

/* Begin PBXResourcesBuildPhase section */
		DA46F6D2174CE40200E614EF /* Resources */ = {
			isa = PBXResourcesBuildPhase;
			buildActionMask = 2147483647;
			files = (
				DA46F6E2174CE40200E614EF /* InfoPlist.strings in Resources */,
				DA46F6EA174CE40200E614EF /* Default.png in Resources */,
				DA46F6EC174CE40200E614EF /* Default@2x.png in Resources */,
				DA46F6EE174CE40200E614EF /* Default-568h@2x.png in Resources */,
				DA46F6F4174CE40200E614EF /* mkViewController.xib in Resources */,
			);
			runOnlyForDeploymentPostprocessing = 0;
		};
/* End PBXResourcesBuildPhase section */

/* Begin PBXSourcesBuildPhase section */
		DA46F6D0174CE40200E614EF /* Sources */ = {
			isa = PBXSourcesBuildPhase;
			buildActionMask = 2147483647;
			files = (
				DA46F6E4174CE40200E614EF /* main.m in Sources */,
				DA46F6E8174CE40200E614EF /* mkAppDelegate.m in Sources */,
				DA46F6F1174CE40200E614EF /* mkViewController.m in Sources */,
			);
			runOnlyForDeploymentPostprocessing = 0;
		};
/* End PBXSourcesBuildPhase section */

/* Begin PBXVariantGroup section */
		DA46F6E0174CE40200E614EF /* InfoPlist.strings */ = {
			isa = PBXVariantGroup;
			children = (
				DA46F6E1174CE40200E614EF /* en */,
			);
			name = InfoPlist.strings;
			sourceTree = "<group>";
		};
		DA46F6F2174CE40200E614EF /* mkViewController.xib */ = {
			isa = PBXVariantGroup;
			children = (
				DA46F6F3174CE40200E614EF /* en */,
			);
			name = mkViewController.xib;
			sourceTree = "<group>";
		};
/* End PBXVariantGroup section */

/* Begin XCBuildConfiguration section */
		DA46F6F5174CE40200E614EF /* Debug */ = {
			isa = XCBuildConfiguration;
			buildSettings = {
				ALWAYS_SEARCH_USER_PATHS = NO;
				CLANG_CXX_LANGUAGE_STANDARD = "gnu++0x";
				CLANG_CXX_LIBRARY = "libc++";
				CLANG_WARN_CONSTANT_CONVERSION = YES;
				CLANG_WARN_EMPTY_BODY = YES;
				CLANG_WARN_ENUM_CONVERSION = YES;
				CLANG_WARN_INT_CONVERSION = YES;
				CLANG_WARN__DUPLICATE_METHOD_MATCH = YES;
				"CODE_SIGN_IDENTITY[sdk=iphoneos*]" = "iPhone Developer";
				COPY_PHASE_STRIP = NO;
				GCC_C_LANGUAGE_STANDARD = gnu99;
				GCC_DYNAMIC_NO_PIC = NO;
				GCC_OPTIMIZATION_LEVEL = 0;
				GCC_PREPROCESSOR_DEFINITIONS = (
					"DEBUG=1",
					"$(inherited)",
				);
				GCC_SYMBOLS_PRIVATE_EXTERN = NO;
				GCC_WARN_ABOUT_RETURN_TYPE = YES;
				GCC_WARN_UNINITIALIZED_AUTOS = YES;
				GCC_WARN_UNUSED_VARIABLE = YES;
				IPHONEOS_DEPLOYMENT_TARGET = 6.1;
				ONLY_ACTIVE_ARCH = YES;
				SDKROOT = iphoneos;
			};
			name = Debug;
		};
		DA46F6F6174CE40200E614EF /* Release */ = {
			isa = XCBuildConfiguration;
			buildSettings = {
				ALWAYS_SEARCH_USER_PATHS = NO;
				CLANG_CXX_LANGUAGE_STANDARD = "gnu++0x";
				CLANG_CXX_LIBRARY = "libc++";
				CLANG_WARN_CONSTANT_CONVERSION = YES;
				CLANG_WARN_EMPTY_BODY = YES;
				CLANG_WARN_ENUM_CONVERSION = YES;
				CLANG_WARN_INT_CONVERSION = YES;
				CLANG_WARN__DUPLICATE_METHOD_MATCH = YES;
				"CODE_SIGN_IDENTITY[sdk=iphoneos*]" = "iPhone Developer";
				COPY_PHASE_STRIP = YES;
				GCC_C_LANGUAGE_STANDARD = gnu99;
				GCC_WARN_ABOUT_RETURN_TYPE = YES;
				GCC_WARN_UNINITIALIZED_AUTOS = YES;
				GCC_WARN_UNUSED_VARIABLE = YES;
				IPHONEOS_DEPLOYMENT_TARGET = 6.1;
				OTHER_CFLAGS = "-DNS_BLOCK_ASSERTIONS=1";
				SDKROOT = iphoneos;
				VALIDATE_PRODUCT = YES;
			};
			name = Release;
		};
		DA46F6F8174CE40200E614EF /* Debug */ = {
			isa = XCBuildConfiguration;
			buildSettings = {
				GCC_PRECOMPILE_PREFIX_HEADER = YES;
				GCC_PREFIX_HEADER = "helloWorld_04/helloWorld_04-Prefix.pch";
				INFOPLIST_FILE = "helloWorld_04/helloWorld_04-Info.plist";
				PRODUCT_NAME = "$(TARGET_NAME)";
				WRAPPER_EXTENSION = app;
			};
			name = Debug;
		};
		DA46F6F9174CE40200E614EF /* Release */ = {
			isa = XCBuildConfiguration;
			buildSettings = {
				GCC_PRECOMPILE_PREFIX_HEADER = YES;
				GCC_PREFIX_HEADER = "helloWorld_04/helloWorld_04-Prefix.pch";
				INFOPLIST_FILE = "helloWorld_04/helloWorld_04-Info.plist";
				PRODUCT_NAME = "$(TARGET_NAME)";
				WRAPPER_EXTENSION = app;
			};
			name = Release;
		};
/* End XCBuildConfiguration section */

/* Begin XCConfigurationList section */
		DA46F6CF174CE40100E614EF /* Build configuration list for PBXProject "helloWorld_04" */ = {
			isa = XCConfigurationList;
			buildConfigurations = (
				DA46F6F5174CE40200E614EF /* Debug */,
				DA46F6F6174CE40200E614EF /* Release */,
			);
			defaultConfigurationIsVisible = 0;
			defaultConfigurationName = Release;
		};
		DA46F6F7174CE40200E614EF /* Build configuration list for PBXNativeTarget "helloWorld_04" */ = {
			isa = XCConfigurationList;
			buildConfigurations = (
				DA46F6F8174CE40200E614EF /* Debug */,
				DA46F6F9174CE40200E614EF /* Release */,
			);
			defaultConfigurationIsVisible = 0;
		};
/* End XCConfigurationList section */
	};
	rootObject = DA46F6CC174CE40100E614EF /* Project object */;
}
